
Microsoft Visual Studio Solution File, Format Version 12.00
# Visual Studio Version 16
VisualStudioVersion = 16.0.31105.61
MinimumVisualStudioVersion = 10.0.40219.1
Project("{FAE04EC0-301F-11D3-BF4B-00C04F79EFBC}") = "PortForward", "PortForward.csproj", "{A5DB457E-6466-45F8-A5C7-6C8E2284A962}"
EndProject
Global
	GlobalSection(SolutionConfigurationPlatforms) = preSolution
		Debug|Any CPU = Debug|Any CPU
		Release|Any CPU = Release|Any CPU
	EndGlobalSection
	GlobalSection(ProjectConfigurationPlatforms) = postSolution
		{A5DB457E-6466-45F8-A5C7-6C8E2284A962}.Debug|Any CPU.ActiveCfg = Debug|Any CPU
		{A5DB457E-6466-45F8-A5C7-6C8E2284A962}.Debug|Any CPU.Build.0 = Debug|Any CPU
		{A5DB457E-6466-45F8-A5C7-6C8E2284A962}.Release|Any CPU.ActiveCfg = Release|Any CPU
		{A5DB457E-6466-45F8-A5C7-6C8E2284A962}.Release|Any CPU.Build.0 = Release|Any CPU
	EndGlobalSection
	GlobalSection(SolutionProperties) = preSolution
		HideSolutionNode = FALSE
	EndGlobalSection
	GlobalSection(ExtensibilityGlobals) = postSolution
		SolutionGuid = {784195B6-0E24-4072-9E4C-D86DDD439A9E}
	EndGlobalSection
EndGlobal
